
Microsoft Visual Studio Solution File, Format Version 12.00
# Visual Studio Version 16
VisualStudioVersion = 16.0.29728.190
MinimumVisualStudioVersion = 10.0.40219.1
Project("{2150E333-8FDC-42A3-9474-1A3956D46DE8}") = "Solution Items", "Solution Items", "{733FBCBC-4B44-477C-8ACC-822C75D958D8}"
	ProjectSection(SolutionItems) = preProject
		.editorconfig = .editorconfig
	EndProjectSection
EndProject
Project("{9A19103F-16F7-4668-BE54-9A1E7A4F7556}") = "Evolution.Domain", "Evolution.Domain\Evolution.Domain.csproj", "{03D94A77-FC02-49D4-8CFE-D12301DBC512}"
EndProject
Global
	GlobalSection(SolutionConfigurationPlatforms) = preSolution
		Debug|Any CPU = Debug|Any CPU
		Release|Any CPU = Release|Any CPU
	EndGlobalSection
	GlobalSection(ProjectConfigurationPlatforms) = postSolution
		{03D94A77-FC02-49D4-8CFE-D12301DBC512}.Debug|Any CPU.ActiveCfg = Debug|Any CPU
		{03D94A77-FC02-49D4-8CFE-D12301DBC512}.Debug|Any CPU.Build.0 = Debug|Any CPU
		{03D94A77-FC02-49D4-8CFE-D12301DBC512}.Release|Any CPU.ActiveCfg = Release|Any CPU
		{03D94A77-FC02-49D4-8CFE-D12301DBC512}.Release|Any CPU.Build.0 = Release|Any CPU
	EndGlobalSection
	GlobalSection(SolutionProperties) = preSolution
		HideSolutionNode = FALSE
	EndGlobalSection
	GlobalSection(ExtensibilityGlobals) = postSolution
		SolutionGuid = {08FAE0C7-D587-4247-87C4-50FC9E79EE59}
	EndGlobalSection
EndGlobal
